
Microsoft Visual Studio Solution File, Format Version 12.00
# Visual Studio 15
VisualStudioVersion = 15.0.27703.2047
MinimumVisualStudioVersion = 10.0.40219.1
Project("{FAE04EC0-301F-11D3-BF4B-00C04F79EFBC}") = "SnifferProbeRequestApp", "SnifferProbeRequestApp\SnifferProbeRequestApp.csproj", "{2D4BCF3E-F196-4E08-B95D-064FF7209138}"
EndProject
Global
	GlobalSection(SolutionConfigurationPlatforms) = preSolution
		Debug|Any CPU = Debug|Any CPU
		Release|Any CPU = Release|Any CPU
	EndGlobalSection
	GlobalSection(ProjectConfigurationPlatforms) = postSolution
		{2D4BCF3E-F196-4E08-B95D-064FF7209138}.Debug|Any CPU.ActiveCfg = Debug|Any CPU
		{2D4BCF3E-F196-4E08-B95D-064FF7209138}.Debug|Any CPU.Build.0 = Debug|Any CPU
		{2D4BCF3E-F196-4E08-B95D-064FF7209138}.Release|Any CPU.ActiveCfg = Release|Any CPU
		{2D4BCF3E-F196-4E08-B95D-064FF7209138}.Release|Any CPU.Build.0 = Release|Any CPU
	EndGlobalSection
	GlobalSection(SolutionProperties) = preSolution
		HideSolutionNode = FALSE
	EndGlobalSection
	GlobalSection(ExtensibilityGlobals) = postSolution
		SolutionGuid = {76EE92D6-27C3-4D4A-B522-EF80543DB3D1}
	EndGlobalSection
EndGlobal
